
Microsoft Visual Studio Solution File, Format Version 12.00
# Visual Studio Version 17
VisualStudioVersion = 17.4.33122.133
MinimumVisualStudioVersion = 10.0.40219.1
Project("{FAE04EC0-301F-11D3-BF4B-00C04F79EFBC}") = "Bilet_6", "Bilet_6\Bilet_6.csproj", "{ED4F7190-25A9-47B7-8F0B-99C52DF6663B}"
EndProject
Global
	GlobalSection(SolutionConfigurationPlatforms) = preSolution
		Debug|Any CPU = Debug|Any CPU
		Release|Any CPU = Release|Any CPU
	EndGlobalSection
	GlobalSection(ProjectConfigurationPlatforms) = postSolution
		{ED4F7190-25A9-47B7-8F0B-99C52DF6663B}.Debug|Any CPU.ActiveCfg = Debug|Any CPU
		{ED4F7190-25A9-47B7-8F0B-99C52DF6663B}.Debug|Any CPU.Build.0 = Debug|Any CPU
		{ED4F7190-25A9-47B7-8F0B-99C52DF6663B}.Release|Any CPU.ActiveCfg = Release|Any CPU
		{ED4F7190-25A9-47B7-8F0B-99C52DF6663B}.Release|Any CPU.Build.0 = Release|Any CPU
	EndGlobalSection
	GlobalSection(SolutionProperties) = preSolution
		HideSolutionNode = FALSE
	EndGlobalSection
	GlobalSection(ExtensibilityGlobals) = postSolution
		SolutionGuid = {B22812B4-D098-4F20-9D95-7A06901D3748}
	EndGlobalSection
EndGlobal
